
Microsoft Visual Studio Solution File, Format Version 12.00
# Visual Studio Version 17
VisualStudioVersion = 17.3.32804.467
MinimumVisualStudioVersion = 10.0.40219.1
Project("{FAE04EC0-301F-11D3-BF4B-00C04F79EFBC}") = "studentManagement_and_ B2S_ Consumer", "studentManagement_and_ B2S_ Consumer.csproj", "{E1F17FF9-B1C7-49DF-A36E-5889334381B4}"
EndProject
Global
	GlobalSection(SolutionConfigurationPlatforms) = preSolution
		Debug|Any CPU = Debug|Any CPU
		Release|Any CPU = Release|Any CPU
	EndGlobalSection
	GlobalSection(ProjectConfigurationPlatforms) = postSolution
		{E1F17FF9-B1C7-49DF-A36E-5889334381B4}.Debug|Any CPU.ActiveCfg = Debug|Any CPU
		{E1F17FF9-B1C7-49DF-A36E-5889334381B4}.Debug|Any CPU.Build.0 = Debug|Any CPU
		{E1F17FF9-B1C7-49DF-A36E-5889334381B4}.Release|Any CPU.ActiveCfg = Release|Any CPU
		{E1F17FF9-B1C7-49DF-A36E-5889334381B4}.Release|Any CPU.Build.0 = Release|Any CPU
	EndGlobalSection
	GlobalSection(SolutionProperties) = preSolution
		HideSolutionNode = FALSE
	EndGlobalSection
	GlobalSection(ExtensibilityGlobals) = postSolution
		SolutionGuid = {6AC3DBCC-4A54-4F5B-8CB9-F875FD422883}
	EndGlobalSection
EndGlobal
